
Microsoft Visual Studio Solution File, Format Version 12.00
# Visual Studio Version 17
VisualStudioVersion = 17.14.36804.6 d17.14
MinimumVisualStudioVersion = 10.0.40219.1
Project("{FAE04EC0-301F-11D3-BF4B-00C04F79EFBC}") = "trabalho-senac", "trabalho-senac\trabalho-senac.csproj", "{988A97B6-2891-4E88-B583-1BFA3D70785D}"
EndProject
Global
	GlobalSection(SolutionConfigurationPlatforms) = preSolution
		Debug|Any CPU = Debug|Any CPU
		Release|Any CPU = Release|Any CPU
	EndGlobalSection
	GlobalSection(ProjectConfigurationPlatforms) = postSolution
		{988A97B6-2891-4E88-B583-1BFA3D70785D}.Debug|Any CPU.ActiveCfg = Debug|Any CPU
		{988A97B6-2891-4E88-B583-1BFA3D70785D}.Debug|Any CPU.Build.0 = Debug|Any CPU
		{988A97B6-2891-4E88-B583-1BFA3D70785D}.Release|Any CPU.ActiveCfg = Release|Any CPU
		{988A97B6-2891-4E88-B583-1BFA3D70785D}.Release|Any CPU.Build.0 = Release|Any CPU
	EndGlobalSection
	GlobalSection(SolutionProperties) = preSolution
		HideSolutionNode = FALSE
	EndGlobalSection
	GlobalSection(ExtensibilityGlobals) = postSolution
		SolutionGuid = {F7DCA402-3B0E-4040-B75D-764987AD1A64}
	EndGlobalSection
EndGlobal
